
Microsoft Visual Studio Solution File, Format Version 12.00
# Visual Studio Version 17
VisualStudioVersion = 17.6.33801.468
MinimumVisualStudioVersion = 10.0.40219.1
Project("{FAE04EC0-301F-11D3-BF4B-00C04F79EFBC}") = "MBCM_PWA.Server", "MBCM_PWA\Server\MBCM_PWA.Server.csproj", "{59EABABA-CBB6-444D-824E-4E44278C9452}"
EndProject
Project("{FAE04EC0-301F-11D3-BF4B-00C04F79EFBC}") = "MBCM_PWA.Client", "MBCM_PWA\Client\MBCM_PWA.Client.csproj", "{ECE6C062-7D14-4CD7-B766-53125DE5E622}"
EndProject
Project("{FAE04EC0-301F-11D3-BF4B-00C04F79EFBC}") = "MBCM_PWA.Shared", "MBCM_PWA\Shared\MBCM_PWA.Shared.csproj", "{BFC68597-3E35-450B-A0A4-3F1B99610C1D}"
EndProject
Global
	GlobalSection(SolutionConfigurationPlatforms) = preSolution
		Debug|Any CPU = Debug|Any CPU
		Release|Any CPU = Release|Any CPU
	EndGlobalSection
	GlobalSection(ProjectConfigurationPlatforms) = postSolution
		{59EABABA-CBB6-444D-824E-4E44278C9452}.Debug|Any CPU.ActiveCfg = Debug|Any CPU
		{59EABABA-CBB6-444D-824E-4E44278C9452}.Debug|Any CPU.Build.0 = Debug|Any CPU
		{59EABABA-CBB6-444D-824E-4E44278C9452}.Release|Any CPU.ActiveCfg = Release|Any CPU
		{59EABABA-CBB6-444D-824E-4E44278C9452}.Release|Any CPU.Build.0 = Release|Any CPU
		{ECE6C062-7D14-4CD7-B766-53125DE5E622}.Debug|Any CPU.ActiveCfg = Debug|Any CPU
		{ECE6C062-7D14-4CD7-B766-53125DE5E622}.Debug|Any CPU.Build.0 = Debug|Any CPU
		{ECE6C062-7D14-4CD7-B766-53125DE5E622}.Release|Any CPU.ActiveCfg = Release|Any CPU
		{ECE6C062-7D14-4CD7-B766-53125DE5E622}.Release|Any CPU.Build.0 = Release|Any CPU
		{BFC68597-3E35-450B-A0A4-3F1B99610C1D}.Debug|Any CPU.ActiveCfg = Debug|Any CPU
		{BFC68597-3E35-450B-A0A4-3F1B99610C1D}.Debug|Any CPU.Build.0 = Debug|Any CPU
		{BFC68597-3E35-450B-A0A4-3F1B99610C1D}.Release|Any CPU.ActiveCfg = Release|Any CPU
		{BFC68597-3E35-450B-A0A4-3F1B99610C1D}.Release|Any CPU.Build.0 = Release|Any CPU
	EndGlobalSection
	GlobalSection(SolutionProperties) = preSolution
		HideSolutionNode = FALSE
	EndGlobalSection
	GlobalSection(ExtensibilityGlobals) = postSolution
		SolutionGuid = {1FF02E21-2B68-484C-BF8C-7CE347425F05}
	EndGlobalSection
EndGlobal
